
Microsoft Visual Studio Solution File, Format Version 12.00
# Visual Studio Version 16
VisualStudioVersion = 16.0.30907.101
MinimumVisualStudioVersion = 10.0.40219.1
Project("{9A19103F-16F7-4668-BE54-9A1E7A4F7556}") = "mvc1", "mvc1.csproj", "{8564E45F-AE95-44EB-927D-3FC742759FAF}"
EndProject
Global
	GlobalSection(SolutionConfigurationPlatforms) = preSolution
		Debug|Any CPU = Debug|Any CPU
		Release|Any CPU = Release|Any CPU
	EndGlobalSection
	GlobalSection(ProjectConfigurationPlatforms) = postSolution
		{8564E45F-AE95-44EB-927D-3FC742759FAF}.Debug|Any CPU.ActiveCfg = Debug|Any CPU
		{8564E45F-AE95-44EB-927D-3FC742759FAF}.Debug|Any CPU.Build.0 = Debug|Any CPU
		{8564E45F-AE95-44EB-927D-3FC742759FAF}.Release|Any CPU.ActiveCfg = Release|Any CPU
		{8564E45F-AE95-44EB-927D-3FC742759FAF}.Release|Any CPU.Build.0 = Release|Any CPU
	EndGlobalSection
	GlobalSection(SolutionProperties) = preSolution
		HideSolutionNode = FALSE
	EndGlobalSection
	GlobalSection(ExtensibilityGlobals) = postSolution
		SolutionGuid = {3F0C1721-3F3C-4C08-AD7B-BFDE4741A337}
	EndGlobalSection
EndGlobal
